#
# This file is autogenerated by pip-compile with Python 3.14
# by the following command:
#
#    pip-compile --annotation-style=line --no-emit-index-url --output-file=frontend/requirements.lock frontend/requirements.in
#
anyio==4.13.0             # via httpx
blinker==1.9.0            # via flask
certifi==2026.5.20        # via httpcore, httpx
click==8.4.1              # via flask
flask==3.1.3              # via -r frontend/requirements.in
h11==0.16.0               # via httpcore
httpcore==1.0.9           # via httpx
httpx==0.28.1             # via -r frontend/requirements.in
idna==3.18                # via anyio, httpx
itsdangerous==2.2.0       # via flask
jinja2==3.1.6             # via flask
markupsafe==3.0.3         # via flask, jinja2, werkzeug
waitress==3.0.2           # via -r frontend/requirements.in
werkzeug==3.1.8           # via flask
